// !$*UTF8*$!
{
	archiveVersion = 1;
	classes = {
	};
	objectVersion = 46;
	objects = {

/* Begin PBXBuildFile section */
		D60340691E5898CD00B0D8EB /* AppDelegate.swift in Sources */ = {isa = PBXBuildFile; fileRef = D60340681E5898CD00B0D8EB /* AppDelegate.swift */; };
		D603406B1E5898CD00B0D8EB /* MyntraVC.swift in Sources */ = {isa = PBXBuildFile; fileRef = D603406A1E5898CD00B0D8EB /* MyntraVC.swift */; };
		D603406E1E5898CD00B0D8EB /* Main.storyboard in Resources */ = {isa = PBXBuildFile; fileRef = D603406C1E5898CD00B0D8EB /* Main.storyboard */; };
		D60340701E5898CD00B0D8EB /* Assets.xcassets in Resources */ = {isa = PBXBuildFile; fileRef = D603406F1E5898CD00B0D8EB /* Assets.xcassets */; };
		D60340731E5898CD00B0D8EB /* LaunchScreen.storyboard in Resources */ = {isa = PBXBuildFile; fileRef = D60340711E5898CD00B0D8EB /* LaunchScreen.storyboard */; };
		D603407C1E5899A500B0D8EB /* TableViewCell.swift in Sources */ = {isa = PBXBuildFile; fileRef = D603407A1E5899A500B0D8EB /* TableViewCell.swift */; };
		D603407D1E5899A500B0D8EB /* TableViewCell.xib in Resources */ = {isa = PBXBuildFile; fileRef = D603407B1E5899A500B0D8EB /* TableViewCell.xib */; };
		D60340801E589A4B00B0D8EB /* CollectionViewCell.swift in Sources */ = {isa = PBXBuildFile; fileRef = D603407E1E589A4B00B0D8EB /* CollectionViewCell.swift */; };
		D60340811E589A4B00B0D8EB /* CollectionViewCell.xib in Resources */ = {isa = PBXBuildFile; fileRef = D603407F1E589A4B00B0D8EB /* CollectionViewCell.xib */; };
		D6561CD51E5AB28A004E4D75 /* RandomColorGenerator.swift in Sources */ = {isa = PBXBuildFile; fileRef = D6561CD41E5AB28A004E4D75 /* RandomColorGenerator.swift */; };
		D6561CD71E5AE016004E4D75 /* GetTableCell.swift in Sources */ = {isa = PBXBuildFile; fileRef = D6561CD61E5AE016004E4D75 /* GetTableCell.swift */; };
		D6561CD91E5AF7EA004E4D75 /* HeaderViewController.swift in Sources */ = {isa = PBXBuildFile; fileRef = D6561CD81E5AF7EA004E4D75 /* HeaderViewController.swift */; };
		D6561CDB1E5AFAF5004E4D75 /* HeaderViewController.xib in Resources */ = {isa = PBXBuildFile; fileRef = D6561CDA1E5AFAF5004E4D75 /* HeaderViewController.xib */; };
/* End PBXBuildFile section */

/* Begin PBXFileReference section */
		D60340651E5898CD00B0D8EB /* Myntra.app */ = {isa = PBXFileReference; explicitFileType = wrapper.application; includeInIndex = 0; path = Myntra.app; sourceTree = BUILT_PRODUCTS_DIR; };
		D60340681E5898CD00B0D8EB /* AppDelegate.swift */ = {isa = PBXFileReference; lastKnownFileType = sourcecode.swift; path = AppDelegate.swift; sourceTree = "<group>"; };
		D603406A1E5898CD00B0D8EB /* MyntraVC.swift */ = {isa = PBXFileReference; lastKnownFileType = sourcecode.swift; path = MyntraVC.swift; sourceTree = "<group>"; };
		D603406D1E5898CD00B0D8EB /* Base */ = {isa = PBXFileReference; lastKnownFileType = file.storyboard; name = Base; path = Base.lproj/Main.storyboard; sourceTree = "<group>"; };
		D603406F1E5898CD00B0D8EB /* Assets.xcassets */ = {isa = PBXFileReference; lastKnownFileType = folder.assetcatalog; path = Assets.xcassets; sourceTree = "<group>"; };
		D60340721E5898CD00B0D8EB /* Base */ = {isa = PBXFileReference; lastKnownFileType = file.storyboard; name = Base; path = Base.lproj/LaunchScreen.storyboard; sourceTree = "<group>"; };
		D60340741E5898CD00B0D8EB /* Info.plist */ = {isa = PBXFileReference; lastKnownFileType = text.plist.xml; path = Info.plist; sourceTree = "<group>"; };
		D603407A1E5899A500B0D8EB /* TableViewCell.swift */ = {isa = PBXFileReference; fileEncoding = 4; lastKnownFileType = sourcecode.swift; path = TableViewCell.swift; sourceTree = "<group>"; };
		D603407B1E5899A500B0D8EB /* TableViewCell.xib */ = {isa = PBXFileReference; fileEncoding = 4; lastKnownFileType = file.xib; path = TableViewCell.xib; sourceTree = "<group>"; };
		D603407E1E589A4B00B0D8EB /* CollectionViewCell.swift */ = {isa = PBXFileReference; fileEncoding = 4; lastKnownFileType = sourcecode.swift; path = CollectionViewCell.swift; sourceTree = "<group>"; };
		D603407F1E589A4B00B0D8EB /* CollectionViewCell.xib */ = {isa = PBXFileReference; fileEncoding = 4; lastKnownFileType = file.xib; path = CollectionViewCell.xib; sourceTree = "<group>"; };
		D6561CD41E5AB28A004E4D75 /* RandomColorGenerator.swift */ = {isa = PBXFileReference; fileEncoding = 4; lastKnownFileType = sourcecode.swift; path = RandomColorGenerator.swift; sourceTree = "<group>"; };
		D6561CD61E5AE016004E4D75 /* GetTableCell.swift */ = {isa = PBXFileReference; fileEncoding = 4; lastKnownFileType = sourcecode.swift; path = GetTableCell.swift; sourceTree = "<group>"; };
		D6561CD81E5AF7EA004E4D75 /* HeaderViewController.swift */ = {isa = PBXFileReference; fileEncoding = 4; lastKnownFileType = sourcecode.swift; path = HeaderViewController.swift; sourceTree = "<group>"; };
		D6561CDA1E5AFAF5004E4D75 /* HeaderViewController.xib */ = {isa = PBXFileReference; fileEncoding = 4; lastKnownFileType = file.xib; path = HeaderViewController.xib; sourceTree = "<group>"; };
/* End PBXFileReference section */

/* Begin PBXFrameworksBuildPhase section */
		D60340621E5898CD00B0D8EB /* Frameworks */ = {
			isa = PBXFrameworksBuildPhase;
			buildActionMask = 2147483647;
			files = (
			);
			runOnlyForDeploymentPostprocessing = 0;
		};
/* End PBXFrameworksBuildPhase section */

/* Begin PBXGroup section */
		D603405C1E5898CD00B0D8EB = {
			isa = PBXGroup;
			children = (
				D60340671E5898CD00B0D8EB /* Myntra */,
				D60340661E5898CD00B0D8EB /* Products */,
			);
			sourceTree = "<group>";
		};
		D60340661E5898CD00B0D8EB /* Products */ = {
			isa = PBXGroup;
			children = (
				D60340651E5898CD00B0D8EB /* Myntra.app */,
			);
			name = Products;
			sourceTree = "<group>";
		};
		D60340671E5898CD00B0D8EB /* Myntra */ = {
			isa = PBXGroup;
			children = (
				D60340681E5898CD00B0D8EB /* AppDelegate.swift */,
				D603406A1E5898CD00B0D8EB /* MyntraVC.swift */,
				D603406C1E5898CD00B0D8EB /* Main.storyboard */,
				D603406F1E5898CD00B0D8EB /* Assets.xcassets */,
				D60340711E5898CD00B0D8EB /* LaunchScreen.storyboard */,
				D60340741E5898CD00B0D8EB /* Info.plist */,
				D603407A1E5899A500B0D8EB /* TableViewCell.swift */,
				D603407B1E5899A500B0D8EB /* TableViewCell.xib */,
				D603407E1E589A4B00B0D8EB /* CollectionViewCell.swift */,
				D603407F1E589A4B00B0D8EB /* CollectionViewCell.xib */,
				D6561CD41E5AB28A004E4D75 /* RandomColorGenerator.swift */,
				D6561CD61E5AE016004E4D75 /* GetTableCell.swift */,
				D6561CD81E5AF7EA004E4D75 /* HeaderViewController.swift */,
				D6561CDA1E5AFAF5004E4D75 /* HeaderViewController.xib */,
			);
			path = Myntra;
			sourceTree = "<group>";
		};
/* End PBXGroup section */

/* Begin PBXNativeTarget section */
		D60340641E5898CD00B0D8EB /* Myntra */ = {
			isa = PBXNativeTarget;
			buildConfigurationList = D60340771E5898CD00B0D8EB /* Build configuration list for PBXNativeTarget "Myntra" */;
			buildPhases = (
				D60340611E5898CD00B0D8EB /* Sources */,
				D60340621E5898CD00B0D8EB /* Frameworks */,
				D60340631E5898CD00B0D8EB /* Resources */,
			);
			buildRules = (
			);
			dependencies = (
			);
			name = Myntra;
			productName = Myntra;
			productReference = D60340651E5898CD00B0D8EB /* Myntra.app */;
			productType = "com.apple.product-type.application";
		};
/* End PBXNativeTarget section */

/* Begin PBXProject section */
		D603405D1E5898CD00B0D8EB /* Project object */ = {
			isa = PBXProject;
			attributes = {
				LastSwiftUpdateCheck = 0820;
				LastUpgradeCheck = 0820;
				ORGANIZATIONNAME = appinventiv;
				TargetAttributes = {
					D60340641E5898CD00B0D8EB = {
						CreatedOnToolsVersion = 8.2.1;
						ProvisioningStyle = Automatic;
					};
				};
			};
			buildConfigurationList = D60340601E5898CD00B0D8EB /* Build configuration list for PBXProject "Myntra" */;
			compatibilityVersion = "Xcode 3.2";
			developmentRegion = English;
			hasScannedForEncodings = 0;
			knownRegions = (
				en,
				Base,
			);
			mainGroup = D603405C1E5898CD00B0D8EB;
			productRefGroup = D60340661E5898CD00B0D8EB /* Products */;
			projectDirPath = "";
			projectRoot = "";
			targets = (
				D60340641E5898CD00B0D8EB /* Myntra */,
			);
		};
/* End PBXProject section */

/* Begin PBXResourcesBuildPhase section */
		D60340631E5898CD00B0D8EB /* Resources */ = {
			isa = PBXResourcesBuildPhase;
			buildActionMask = 2147483647;
			files = (
				D60340731E5898CD00B0D8EB /* LaunchScreen.storyboard in Resources */,
				D603407D1E5899A500B0D8EB /* TableViewCell.xib in Resources */,
				D60340701E5898CD00B0D8EB /* Assets.xcassets in Resources */,
				D6561CDB1E5AFAF5004E4D75 /* HeaderViewController.xib in Resources */,
				D603406E1E5898CD00B0D8EB /* Main.storyboard in Resources */,
				D60340811E589A4B00B0D8EB /* CollectionViewCell.xib in Resources */,
			);
			runOnlyForDeploymentPostprocessing = 0;
		};
/* End PBXResourcesBuildPhase section */

/* Begin PBXSourcesBuildPhase section */
		D60340611E5898CD00B0D8EB /* Sources */ = {
			isa = PBXSourcesBuildPhase;
			buildActionMask = 2147483647;
			files = (
				D603407C1E5899A500B0D8EB /* TableViewCell.swift in Sources */,
				D6561CD71E5AE016004E4D75 /* GetTableCell.swift in Sources */,
				D603406B1E5898CD00B0D8EB /* MyntraVC.swift in Sources */,
				D60340801E589A4B00B0D8EB /* CollectionViewCell.swift in Sources */,
				D6561CD91E5AF7EA004E4D75 /* HeaderViewController.swift in Sources */,
				D60340691E5898CD00B0D8EB /* AppDelegate.swift in Sources */,
				D6561CD51E5AB28A004E4D75 /* RandomColorGenerator.swift in Sources */,
			);
			runOnlyForDeploymentPostprocessing = 0;
		};
/* End PBXSourcesBuildPhase section */

/* Begin PBXVariantGroup section */
		D603406C1E5898CD00B0D8EB /* Main.storyboard */ = {
			isa = PBXVariantGroup;
			children = (
				D603406D1E5898CD00B0D8EB /* Base */,
			);
			name = Main.storyboard;
			sourceTree = "<group>";
		};
		D60340711E5898CD00B0D8EB /* LaunchScreen.storyboard */ = {
			isa = PBXVariantGroup;
			children = (
				D60340721E5898CD00B0D8EB /* Base */,
			);
			name = LaunchScreen.storyboard;
			sourceTree = "<group>";
		};
/* End PBXVariantGroup section */

/* Begin XCBuildConfiguration section */
		D60340751E5898CD00B0D8EB /* Debug */ = {
			isa = XCBuildConfiguration;
			buildSettings = {
				ALWAYS_SEARCH_USER_PATHS = NO;
				CLANG_ANALYZER_NONNULL = YES;
				CLANG_CXX_LANGUAGE_STANDARD = "gnu++0x";
				CLANG_CXX_LIBRARY = "libc++";
				CLANG_ENABLE_MODULES = YES;
				CLANG_ENABLE_OBJC_ARC = YES;
				CLANG_WARN_BOOL_CONVERSION = YES;
				CLANG_WARN_CONSTANT_CONVERSION = YES;
				CLANG_WARN_DIRECT_OBJC_ISA_USAGE = YES_ERROR;
				CLANG_WARN_DOCUMENTATION_COMMENTS = YES;
				CLANG_WARN_EMPTY_BODY = YES;
				CLANG_WARN_ENUM_CONVERSION = YES;
				CLANG_WARN_INFINITE_RECURSION = YES;
				CLANG_WARN_INT_CONVERSION = YES;
				CLANG_WARN_OBJC_ROOT_CLASS = YES_ERROR;
				CLANG_WARN_SUSPICIOUS_MOVE = YES;
				CLANG_WARN_UNREACHABLE_CODE = YES;
				CLANG_WARN__DUPLICATE_METHOD_MATCH = YES;
				"CODE_SIGN_IDENTITY[sdk=iphoneos*]" = "iPhone Developer";
				COPY_PHASE_STRIP = NO;
				DEBUG_INFORMATION_FORMAT = dwarf;
				ENABLE_STRICT_OBJC_MSGSEND = YES;
				ENABLE_TESTABILITY = YES;
				GCC_C_LANGUAGE_STANDARD = gnu99;
				GCC_DYNAMIC_NO_PIC = NO;
				GCC_NO_COMMON_BLOCKS = YES;
				GCC_OPTIMIZATION_LEVEL = 0;
				GCC_PREPROCESSOR_DEFINITIONS = (
					"DEBUG=1",
					"$(inherited)",
				);
				GCC_WARN_64_TO_32_BIT_CONVERSION = YES;
				GCC_WARN_ABOUT_RETURN_TYPE = YES_ERROR;
				GCC_WARN_UNDECLARED_SELECTOR = YES;
				GCC_WARN_UNINITIALIZED_AUTOS = YES_AGGRESSIVE;
				GCC_WARN_UNUSED_FUNCTION = YES;
				GCC_WARN_UNUSED_VARIABLE = YES;
				IPHONEOS_DEPLOYMENT_TARGET = 10.2;
				MTL_ENABLE_DEBUG_INFO = YES;
				ONLY_ACTIVE_ARCH = YES;
				SDKROOT = iphoneos;
				SWIFT_ACTIVE_COMPILATION_CONDITIONS = DEBUG;
				SWIFT_OPTIMIZATION_LEVEL = "-Onone";
				TARGETED_DEVICE_FAMILY = "1,2";
			};
			name = Debug;
		};
		D60340761E5898CD00B0D8EB /* Release */ = {
			isa = XCBuildConfiguration;
			buildSettings = {
				ALWAYS_SEARCH_USER_PATHS = NO;
				CLANG_ANALYZER_NONNULL = YES;
				CLANG_CXX_LANGUAGE_STANDARD = "gnu++0x";
				CLANG_CXX_LIBRARY = "libc++";
				CLANG_ENABLE_MODULES = YES;
				CLANG_ENABLE_OBJC_ARC = YES;
				CLANG_WARN_BOOL_CONVERSION = YES;
				CLANG_WARN_CONSTANT_CONVERSION = YES;
				CLANG_WARN_DIRECT_OBJC_ISA_USAGE = YES_ERROR;
				CLANG_WARN_DOCUMENTATION_COMMENTS = YES;
				CLANG_WARN_EMPTY_BODY = YES;
				CLANG_WARN_ENUM_CONVERSION = YES;
				CLANG_WARN_INFINITE_RECURSION = YES;
				CLANG_WARN_INT_CONVERSION = YES;
				CLANG_WARN_OBJC_ROOT_CLASS = YES_ERROR;
				CLANG_WARN_SUSPICIOUS_MOVE = YES;
				CLANG_WARN_UNREACHABLE_CODE = YES;
				CLANG_WARN__DUPLICATE_METHOD_MATCH = YES;
				"CODE_SIGN_IDENTITY[sdk=iphoneos*]" = "iPhone Developer";
				COPY_PHASE_STRIP = NO;
				DEBUG_INFORMATION_FORMAT = "dwarf-with-dsym";
				ENABLE_NS_ASSERTIONS = NO;
				ENABLE_STRICT_OBJC_MSGSEND = YES;
				GCC_C_LANGUAGE_STANDARD = gnu99;
				GCC_NO_COMMON_BLOCKS = YES;
				GCC_WARN_64_TO_32_BIT_CONVERSION = YES;
				GCC_WARN_ABOUT_RETURN_TYPE = YES_ERROR;
				GCC_WARN_UNDECLARED_SELECTOR = YES;
				GCC_WARN_UNINITIALIZED_AUTOS = YES_AGGRESSIVE;
				GCC_WARN_UNUSED_FUNCTION = YES;
				GCC_WARN_UNUSED_VARIABLE = YES;
				IPHONEOS_DEPLOYMENT_TARGET = 10.2;
				MTL_ENABLE_DEBUG_INFO = NO;
				SDKROOT = iphoneos;
				SWIFT_OPTIMIZATION_LEVEL = "-Owholemodule";
				TARGETED_DEVICE_FAMILY = "1,2";
				VALIDATE_PRODUCT = YES;
			};
			name = Release;
		};
		D60340781E5898CD00B0D8EB /* Debug */ = {
			isa = XCBuildConfiguration;
			buildSettings = {
				ASSETCATALOG_COMPILER_APPICON_NAME = AppIcon;
				INFOPLIST_FILE = Myntra/Info.plist;
				LD_RUNPATH_SEARCH_PATHS = "$(inherited) @executable_path/Frameworks";
				PRODUCT_BUNDLE_IDENTIFIER = appinventiv.com.Myntra;
				PRODUCT_NAME = "$(TARGET_NAME)";
				SWIFT_VERSION = 3.0;
			};
			name = Debug;
		};
		D60340791E5898CD00B0D8EB /* Release */ = {
			isa = XCBuildConfiguration;
			buildSettings = {
				ASSETCATALOG_COMPILER_APPICON_NAME = AppIcon;
				INFOPLIST_FILE = Myntra/Info.plist;
				LD_RUNPATH_SEARCH_PATHS = "$(inherited) @executable_path/Frameworks";
				PRODUCT_BUNDLE_IDENTIFIER = appinventiv.com.Myntra;
				PRODUCT_NAME = "$(TARGET_NAME)";
				SWIFT_VERSION = 3.0;
			};
			name = Release;
		};
/* End XCBuildConfiguration section */

/* Begin XCConfigurationList section */
		D60340601E5898CD00B0D8EB /* Build configuration list for PBXProject "Myntra" */ = {
			isa = XCConfigurationList;
			buildConfigurations = (
				D60340751E5898CD00B0D8EB /* Debug */,
				D60340761E5898CD00B0D8EB /* Release */,
			);
			defaultConfigurationIsVisible = 0;
			defaultConfigurationName = Release;
		};
		D60340771E5898CD00B0D8EB /* Build configuration list for PBXNativeTarget "Myntra" */ = {
			isa = XCConfigurationList;
			buildConfigurations = (
				D60340781E5898CD00B0D8EB /* Debug */,
				D60340791E5898CD00B0D8EB /* Release */,
			);
			defaultConfigurationIsVisible = 0;
			defaultConfigurationName = Release;
		};
/* End XCConfigurationList section */
	};
	rootObject = D603405D1E5898CD00B0D8EB /* Project object */;
}
