// !$*UTF8*$!
{
	archiveVersion = 1;
	classes = {
	};
	objectVersion = 46;
	objects = {

/* Begin PBXBuildFile section */
		D62836581E509E2A00D2D195 /* AppDelegate.swift in Sources */ = {isa = PBXBuildFile; fileRef = D62836571E509E2A00D2D195 /* AppDelegate.swift */; };
		D628365A1E509E2A00D2D195 /* CollectionVC.swift in Sources */ = {isa = PBXBuildFile; fileRef = D62836591E509E2A00D2D195 /* CollectionVC.swift */; };
		D628365D1E509E2B00D2D195 /* Main.storyboard in Resources */ = {isa = PBXBuildFile; fileRef = D628365B1E509E2B00D2D195 /* Main.storyboard */; };
		D628365F1E509E2B00D2D195 /* Assets.xcassets in Resources */ = {isa = PBXBuildFile; fileRef = D628365E1E509E2B00D2D195 /* Assets.xcassets */; };
		D62836621E509E2B00D2D195 /* LaunchScreen.storyboard in Resources */ = {isa = PBXBuildFile; fileRef = D62836601E509E2B00D2D195 /* LaunchScreen.storyboard */; };
/* End PBXBuildFile section */

/* Begin PBXFileReference section */
		D62836541E509E2A00D2D195 /* CollectionViewFirst.app */ = {isa = PBXFileReference; explicitFileType = wrapper.application; includeInIndex = 0; path = CollectionViewFirst.app; sourceTree = BUILT_PRODUCTS_DIR; };
		D62836571E509E2A00D2D195 /* AppDelegate.swift */ = {isa = PBXFileReference; lastKnownFileType = sourcecode.swift; path = AppDelegate.swift; sourceTree = "<group>"; };
		D62836591E509E2A00D2D195 /* CollectionVC.swift */ = {isa = PBXFileReference; lastKnownFileType = sourcecode.swift; path = CollectionVC.swift; sourceTree = "<group>"; };
		D628365C1E509E2B00D2D195 /* Base */ = {isa = PBXFileReference; lastKnownFileType = file.storyboard; name = Base; path = Base.lproj/Main.storyboard; sourceTree = "<group>"; };
		D628365E1E509E2B00D2D195 /* Assets.xcassets */ = {isa = PBXFileReference; lastKnownFileType = folder.assetcatalog; path = Assets.xcassets; sourceTree = "<group>"; };
		D62836611E509E2B00D2D195 /* Base */ = {isa = PBXFileReference; lastKnownFileType = file.storyboard; name = Base; path = Base.lproj/LaunchScreen.storyboard; sourceTree = "<group>"; };
		D62836631E509E2B00D2D195 /* Info.plist */ = {isa = PBXFileReference; lastKnownFileType = text.plist.xml; path = Info.plist; sourceTree = "<group>"; };
/* End PBXFileReference section */

/* Begin PBXFrameworksBuildPhase section */
		D62836511E509E2A00D2D195 /* Frameworks */ = {
			isa = PBXFrameworksBuildPhase;
			buildActionMask = 2147483647;
			files = (
			);
			runOnlyForDeploymentPostprocessing = 0;
		};
/* End PBXFrameworksBuildPhase section */

/* Begin PBXGroup section */
		D628364B1E509E2900D2D195 = {
			isa = PBXGroup;
			children = (
				D62836561E509E2A00D2D195 /* CollectionViewFirst */,
				D62836551E509E2A00D2D195 /* Products */,
			);
			sourceTree = "<group>";
		};
		D62836551E509E2A00D2D195 /* Products */ = {
			isa = PBXGroup;
			children = (
				D62836541E509E2A00D2D195 /* CollectionViewFirst.app */,
			);
			name = Products;
			sourceTree = "<group>";
		};
		D62836561E509E2A00D2D195 /* CollectionViewFirst */ = {
			isa = PBXGroup;
			children = (
				D62836571E509E2A00D2D195 /* AppDelegate.swift */,
				D62836591E509E2A00D2D195 /* CollectionVC.swift */,
				D628365B1E509E2B00D2D195 /* Main.storyboard */,
				D628365E1E509E2B00D2D195 /* Assets.xcassets */,
				D62836601E509E2B00D2D195 /* LaunchScreen.storyboard */,
				D62836631E509E2B00D2D195 /* Info.plist */,
			);
			path = CollectionViewFirst;
			sourceTree = "<group>";
		};
/* End PBXGroup section */

/* Begin PBXNativeTarget section */
		D62836531E509E2A00D2D195 /* CollectionViewFirst */ = {
			isa = PBXNativeTarget;
			buildConfigurationList = D62836661E509E2B00D2D195 /* Build configuration list for PBXNativeTarget "CollectionViewFirst" */;
			buildPhases = (
				D62836501E509E2A00D2D195 /* Sources */,
				D62836511E509E2A00D2D195 /* Frameworks */,
				D62836521E509E2A00D2D195 /* Resources */,
			);
			buildRules = (
			);
			dependencies = (
			);
			name = CollectionViewFirst;
			productName = CollectionViewFirst;
			productReference = D62836541E509E2A00D2D195 /* CollectionViewFirst.app */;
			productType = "com.apple.product-type.application";
		};
/* End PBXNativeTarget section */

/* Begin PBXProject section */
		D628364C1E509E2900D2D195 /* Project object */ = {
			isa = PBXProject;
			attributes = {
				LastSwiftUpdateCheck = 0820;
				LastUpgradeCheck = 0820;
				ORGANIZATIONNAME = appinventiv;
				TargetAttributes = {
					D62836531E509E2A00D2D195 = {
						CreatedOnToolsVersion = 8.2.1;
						ProvisioningStyle = Automatic;
					};
				};
			};
			buildConfigurationList = D628364F1E509E2900D2D195 /* Build configuration list for PBXProject "CollectionViewFirst" */;
			compatibilityVersion = "Xcode 3.2";
			developmentRegion = English;
			hasScannedForEncodings = 0;
			knownRegions = (
				en,
				Base,
			);
			mainGroup = D628364B1E509E2900D2D195;
			productRefGroup = D62836551E509E2A00D2D195 /* Products */;
			projectDirPath = "";
			projectRoot = "";
			targets = (
				D62836531E509E2A00D2D195 /* CollectionViewFirst */,
			);
		};
/* End PBXProject section */

/* Begin PBXResourcesBuildPhase section */
		D62836521E509E2A00D2D195 /* Resources */ = {
			isa = PBXResourcesBuildPhase;
			buildActionMask = 2147483647;
			files = (
				D62836621E509E2B00D2D195 /* LaunchScreen.storyboard in Resources */,
				D628365F1E509E2B00D2D195 /* Assets.xcassets in Resources */,
				D628365D1E509E2B00D2D195 /* Main.storyboard in Resources */,
			);
			runOnlyForDeploymentPostprocessing = 0;
		};
/* End PBXResourcesBuildPhase section */

/* Begin PBXSourcesBuildPhase section */
		D62836501E509E2A00D2D195 /* Sources */ = {
			isa = PBXSourcesBuildPhase;
			buildActionMask = 2147483647;
			files = (
				D628365A1E509E2A00D2D195 /* CollectionVC.swift in Sources */,
				D62836581E509E2A00D2D195 /* AppDelegate.swift in Sources */,
			);
			runOnlyForDeploymentPostprocessing = 0;
		};
/* End PBXSourcesBuildPhase section */

/* Begin PBXVariantGroup section */
		D628365B1E509E2B00D2D195 /* Main.storyboard */ = {
			isa = PBXVariantGroup;
			children = (
				D628365C1E509E2B00D2D195 /* Base */,
			);
			name = Main.storyboard;
			sourceTree = "<group>";
		};
		D62836601E509E2B00D2D195 /* LaunchScreen.storyboard */ = {
			isa = PBXVariantGroup;
			children = (
				D62836611E509E2B00D2D195 /* Base */,
			);
			name = LaunchScreen.storyboard;
			sourceTree = "<group>";
		};
/* End PBXVariantGroup section */

/* Begin XCBuildConfiguration section */
		D62836641E509E2B00D2D195 /* Debug */ = {
			isa = XCBuildConfiguration;
			buildSettings = {
				ALWAYS_SEARCH_USER_PATHS = NO;
				CLANG_ANALYZER_NONNULL = YES;
				CLANG_CXX_LANGUAGE_STANDARD = "gnu++0x";
				CLANG_CXX_LIBRARY = "libc++";
				CLANG_ENABLE_MODULES = YES;
				CLANG_ENABLE_OBJC_ARC = YES;
				CLANG_WARN_BOOL_CONVERSION = YES;
				CLANG_WARN_CONSTANT_CONVERSION = YES;
				CLANG_WARN_DIRECT_OBJC_ISA_USAGE = YES_ERROR;
				CLANG_WARN_DOCUMENTATION_COMMENTS = YES;
				CLANG_WARN_EMPTY_BODY = YES;
				CLANG_WARN_ENUM_CONVERSION = YES;
				CLANG_WARN_INFINITE_RECURSION = YES;
				CLANG_WARN_INT_CONVERSION = YES;
				CLANG_WARN_OBJC_ROOT_CLASS = YES_ERROR;
				CLANG_WARN_SUSPICIOUS_MOVE = YES;
				CLANG_WARN_UNREACHABLE_CODE = YES;
				CLANG_WARN__DUPLICATE_METHOD_MATCH = YES;
				"CODE_SIGN_IDENTITY[sdk=iphoneos*]" = "iPhone Developer";
				COPY_PHASE_STRIP = NO;
				DEBUG_INFORMATION_FORMAT = dwarf;
				ENABLE_STRICT_OBJC_MSGSEND = YES;
				ENABLE_TESTABILITY = YES;
				GCC_C_LANGUAGE_STANDARD = gnu99;
				GCC_DYNAMIC_NO_PIC = NO;
				GCC_NO_COMMON_BLOCKS = YES;
				GCC_OPTIMIZATION_LEVEL = 0;
				GCC_PREPROCESSOR_DEFINITIONS = (
					"DEBUG=1",
					"$(inherited)",
				);
				GCC_WARN_64_TO_32_BIT_CONVERSION = YES;
				GCC_WARN_ABOUT_RETURN_TYPE = YES_ERROR;
				GCC_WARN_UNDECLARED_SELECTOR = YES;
				GCC_WARN_UNINITIALIZED_AUTOS = YES_AGGRESSIVE;
				GCC_WARN_UNUSED_FUNCTION = YES;
				GCC_WARN_UNUSED_VARIABLE = YES;
				IPHONEOS_DEPLOYMENT_TARGET = 10.2;
				MTL_ENABLE_DEBUG_INFO = YES;
				ONLY_ACTIVE_ARCH = YES;
				SDKROOT = iphoneos;
				SWIFT_ACTIVE_COMPILATION_CONDITIONS = DEBUG;
				SWIFT_OPTIMIZATION_LEVEL = "-Onone";
				TARGETED_DEVICE_FAMILY = "1,2";
			};
			name = Debug;
		};
		D62836651E509E2B00D2D195 /* Release */ = {
			isa = XCBuildConfiguration;
			buildSettings = {
				ALWAYS_SEARCH_USER_PATHS = NO;
				CLANG_ANALYZER_NONNULL = YES;
				CLANG_CXX_LANGUAGE_STANDARD = "gnu++0x";
				CLANG_CXX_LIBRARY = "libc++";
				CLANG_ENABLE_MODULES = YES;
				CLANG_ENABLE_OBJC_ARC = YES;
				CLANG_WARN_BOOL_CONVERSION = YES;
				CLANG_WARN_CONSTANT_CONVERSION = YES;
				CLANG_WARN_DIRECT_OBJC_ISA_USAGE = YES_ERROR;
				CLANG_WARN_DOCUMENTATION_COMMENTS = YES;
				CLANG_WARN_EMPTY_BODY = YES;
				CLANG_WARN_ENUM_CONVERSION = YES;
				CLANG_WARN_INFINITE_RECURSION = YES;
				CLANG_WARN_INT_CONVERSION = YES;
				CLANG_WARN_OBJC_ROOT_CLASS = YES_ERROR;
				CLANG_WARN_SUSPICIOUS_MOVE = YES;
				CLANG_WARN_UNREACHABLE_CODE = YES;
				CLANG_WARN__DUPLICATE_METHOD_MATCH = YES;
				"CODE_SIGN_IDENTITY[sdk=iphoneos*]" = "iPhone Developer";
				COPY_PHASE_STRIP = NO;
				DEBUG_INFORMATION_FORMAT = "dwarf-with-dsym";
				ENABLE_NS_ASSERTIONS = NO;
				ENABLE_STRICT_OBJC_MSGSEND = YES;
				GCC_C_LANGUAGE_STANDARD = gnu99;
				GCC_NO_COMMON_BLOCKS = YES;
				GCC_WARN_64_TO_32_BIT_CONVERSION = YES;
				GCC_WARN_ABOUT_RETURN_TYPE = YES_ERROR;
				GCC_WARN_UNDECLARED_SELECTOR = YES;
				GCC_WARN_UNINITIALIZED_AUTOS = YES_AGGRESSIVE;
				GCC_WARN_UNUSED_FUNCTION = YES;
				GCC_WARN_UNUSED_VARIABLE = YES;
				IPHONEOS_DEPLOYMENT_TARGET = 10.2;
				MTL_ENABLE_DEBUG_INFO = NO;
				SDKROOT = iphoneos;
				SWIFT_OPTIMIZATION_LEVEL = "-Owholemodule";
				TARGETED_DEVICE_FAMILY = "1,2";
				VALIDATE_PRODUCT = YES;
			};
			name = Release;
		};
		D62836671E509E2B00D2D195 /* Debug */ = {
			isa = XCBuildConfiguration;
			buildSettings = {
				ASSETCATALOG_COMPILER_APPICON_NAME = AppIcon;
				INFOPLIST_FILE = CollectionViewFirst/Info.plist;
				LD_RUNPATH_SEARCH_PATHS = "$(inherited) @executable_path/Frameworks";
				PRODUCT_BUNDLE_IDENTIFIER = appinventiv.com.CollectionViewFirst;
				PRODUCT_NAME = "$(TARGET_NAME)";
				SWIFT_VERSION = 3.0;
			};
			name = Debug;
		};
		D62836681E509E2B00D2D195 /* Release */ = {
			isa = XCBuildConfiguration;
			buildSettings = {
				ASSETCATALOG_COMPILER_APPICON_NAME = AppIcon;
				INFOPLIST_FILE = CollectionViewFirst/Info.plist;
				LD_RUNPATH_SEARCH_PATHS = "$(inherited) @executable_path/Frameworks";
				PRODUCT_BUNDLE_IDENTIFIER = appinventiv.com.CollectionViewFirst;
				PRODUCT_NAME = "$(TARGET_NAME)";
				SWIFT_VERSION = 3.0;
			};
			name = Release;
		};
/* End XCBuildConfiguration section */

/* Begin XCConfigurationList section */
		D628364F1E509E2900D2D195 /* Build configuration list for PBXProject "CollectionViewFirst" */ = {
			isa = XCConfigurationList;
			buildConfigurations = (
				D62836641E509E2B00D2D195 /* Debug */,
				D62836651E509E2B00D2D195 /* Release */,
			);
			defaultConfigurationIsVisible = 0;
			defaultConfigurationName = Release;
		};
		D62836661E509E2B00D2D195 /* Build configuration list for PBXNativeTarget "CollectionViewFirst" */ = {
			isa = XCConfigurationList;
			buildConfigurations = (
				D62836671E509E2B00D2D195 /* Debug */,
				D62836681E509E2B00D2D195 /* Release */,
			);
			defaultConfigurationIsVisible = 0;
		};
/* End XCConfigurationList section */
	};
	rootObject = D628364C1E509E2900D2D195 /* Project object */;
}
