// !$*UTF8*$!
{
	archiveVersion = 1;
	classes = {
	};
	objectVersion = 46;
	objects = {

/* Begin PBXBuildFile section */
		0C4A30F01E5474C700AF63BD /* AppDelegate.swift in Sources */ = {isa = PBXBuildFile; fileRef = 0C4A30EF1E5474C700AF63BD /* AppDelegate.swift */; };
		0C4A30F21E5474C700AF63BD /* ViewController.swift in Sources */ = {isa = PBXBuildFile; fileRef = 0C4A30F11E5474C700AF63BD /* ViewController.swift */; };
		0C4A30F51E5474C700AF63BD /* Main.storyboard in Resources */ = {isa = PBXBuildFile; fileRef = 0C4A30F31E5474C700AF63BD /* Main.storyboard */; };
		0C4A30F71E5474C700AF63BD /* Assets.xcassets in Resources */ = {isa = PBXBuildFile; fileRef = 0C4A30F61E5474C700AF63BD /* Assets.xcassets */; };
		0C4A30FA1E5474C700AF63BD /* LaunchScreen.storyboard in Resources */ = {isa = PBXBuildFile; fileRef = 0C4A30F81E5474C700AF63BD /* LaunchScreen.storyboard */; };
/* End PBXBuildFile section */

/* Begin PBXFileReference section */
		0C4A30EC1E5474C600AF63BD /* constraints.app */ = {isa = PBXFileReference; explicitFileType = wrapper.application; includeInIndex = 0; path = constraints.app; sourceTree = BUILT_PRODUCTS_DIR; };
		0C4A30EF1E5474C700AF63BD /* AppDelegate.swift */ = {isa = PBXFileReference; lastKnownFileType = sourcecode.swift; path = AppDelegate.swift; sourceTree = "<group>"; };
		0C4A30F11E5474C700AF63BD /* ViewController.swift */ = {isa = PBXFileReference; lastKnownFileType = sourcecode.swift; path = ViewController.swift; sourceTree = "<group>"; };
		0C4A30F41E5474C700AF63BD /* Base */ = {isa = PBXFileReference; lastKnownFileType = file.storyboard; name = Base; path = Base.lproj/Main.storyboard; sourceTree = "<group>"; };
		0C4A30F61E5474C700AF63BD /* Assets.xcassets */ = {isa = PBXFileReference; lastKnownFileType = folder.assetcatalog; path = Assets.xcassets; sourceTree = "<group>"; };
		0C4A30F91E5474C700AF63BD /* Base */ = {isa = PBXFileReference; lastKnownFileType = file.storyboard; name = Base; path = Base.lproj/LaunchScreen.storyboard; sourceTree = "<group>"; };
		0C4A30FB1E5474C700AF63BD /* Info.plist */ = {isa = PBXFileReference; lastKnownFileType = text.plist.xml; path = Info.plist; sourceTree = "<group>"; };
/* End PBXFileReference section */

/* Begin PBXFrameworksBuildPhase section */
		0C4A30E91E5474C600AF63BD /* Frameworks */ = {
			isa = PBXFrameworksBuildPhase;
			buildActionMask = 2147483647;
			files = (
			);
			runOnlyForDeploymentPostprocessing = 0;
		};
/* End PBXFrameworksBuildPhase section */

/* Begin PBXGroup section */
		0C4A30E31E5474C600AF63BD = {
			isa = PBXGroup;
			children = (
				0C4A30EE1E5474C600AF63BD /* constraints */,
				0C4A30ED1E5474C600AF63BD /* Products */,
			);
			sourceTree = "<group>";
		};
		0C4A30ED1E5474C600AF63BD /* Products */ = {
			isa = PBXGroup;
			children = (
				0C4A30EC1E5474C600AF63BD /* constraints.app */,
			);
			name = Products;
			sourceTree = "<group>";
		};
		0C4A30EE1E5474C600AF63BD /* constraints */ = {
			isa = PBXGroup;
			children = (
				0C4A30EF1E5474C700AF63BD /* AppDelegate.swift */,
				0C4A30F11E5474C700AF63BD /* ViewController.swift */,
				0C4A30F31E5474C700AF63BD /* Main.storyboard */,
				0C4A30F61E5474C700AF63BD /* Assets.xcassets */,
				0C4A30F81E5474C700AF63BD /* LaunchScreen.storyboard */,
				0C4A30FB1E5474C700AF63BD /* Info.plist */,
			);
			path = constraints;
			sourceTree = "<group>";
		};
/* End PBXGroup section */

/* Begin PBXNativeTarget section */
		0C4A30EB1E5474C600AF63BD /* constraints */ = {
			isa = PBXNativeTarget;
			buildConfigurationList = 0C4A30FE1E5474C700AF63BD /* Build configuration list for PBXNativeTarget "constraints" */;
			buildPhases = (
				0C4A30E81E5474C600AF63BD /* Sources */,
				0C4A30E91E5474C600AF63BD /* Frameworks */,
				0C4A30EA1E5474C600AF63BD /* Resources */,
			);
			buildRules = (
			);
			dependencies = (
			);
			name = constraints;
			productName = constraints;
			productReference = 0C4A30EC1E5474C600AF63BD /* constraints.app */;
			productType = "com.apple.product-type.application";
		};
/* End PBXNativeTarget section */

/* Begin PBXProject section */
		0C4A30E41E5474C600AF63BD /* Project object */ = {
			isa = PBXProject;
			attributes = {
				LastSwiftUpdateCheck = 0820;
				LastUpgradeCheck = 0820;
				ORGANIZATIONNAME = Appinventiv;
				TargetAttributes = {
					0C4A30EB1E5474C600AF63BD = {
						CreatedOnToolsVersion = 8.2.1;
						ProvisioningStyle = Automatic;
					};
				};
			};
			buildConfigurationList = 0C4A30E71E5474C600AF63BD /* Build configuration list for PBXProject "constraints" */;
			compatibilityVersion = "Xcode 3.2";
			developmentRegion = English;
			hasScannedForEncodings = 0;
			knownRegions = (
				en,
				Base,
			);
			mainGroup = 0C4A30E31E5474C600AF63BD;
			productRefGroup = 0C4A30ED1E5474C600AF63BD /* Products */;
			projectDirPath = "";
			projectRoot = "";
			targets = (
				0C4A30EB1E5474C600AF63BD /* constraints */,
			);
		};
/* End PBXProject section */

/* Begin PBXResourcesBuildPhase section */
		0C4A30EA1E5474C600AF63BD /* Resources */ = {
			isa = PBXResourcesBuildPhase;
			buildActionMask = 2147483647;
			files = (
				0C4A30FA1E5474C700AF63BD /* LaunchScreen.storyboard in Resources */,
				0C4A30F71E5474C700AF63BD /* Assets.xcassets in Resources */,
				0C4A30F51E5474C700AF63BD /* Main.storyboard in Resources */,
			);
			runOnlyForDeploymentPostprocessing = 0;
		};
/* End PBXResourcesBuildPhase section */

/* Begin PBXSourcesBuildPhase section */
		0C4A30E81E5474C600AF63BD /* Sources */ = {
			isa = PBXSourcesBuildPhase;
			buildActionMask = 2147483647;
			files = (
				0C4A30F21E5474C700AF63BD /* ViewController.swift in Sources */,
				0C4A30F01E5474C700AF63BD /* AppDelegate.swift in Sources */,
			);
			runOnlyForDeploymentPostprocessing = 0;
		};
/* End PBXSourcesBuildPhase section */

/* Begin PBXVariantGroup section */
		0C4A30F31E5474C700AF63BD /* Main.storyboard */ = {
			isa = PBXVariantGroup;
			children = (
				0C4A30F41E5474C700AF63BD /* Base */,
			);
			name = Main.storyboard;
			sourceTree = "<group>";
		};
		0C4A30F81E5474C700AF63BD /* LaunchScreen.storyboard */ = {
			isa = PBXVariantGroup;
			children = (
				0C4A30F91E5474C700AF63BD /* Base */,
			);
			name = LaunchScreen.storyboard;
			sourceTree = "<group>";
		};
/* End PBXVariantGroup section */

/* Begin XCBuildConfiguration section */
		0C4A30FC1E5474C700AF63BD /* Debug */ = {
			isa = XCBuildConfiguration;
			buildSettings = {
				ALWAYS_SEARCH_USER_PATHS = NO;
				CLANG_ANALYZER_NONNULL = YES;
				CLANG_CXX_LANGUAGE_STANDARD = "gnu++0x";
				CLANG_CXX_LIBRARY = "libc++";
				CLANG_ENABLE_MODULES = YES;
				CLANG_ENABLE_OBJC_ARC = YES;
				CLANG_WARN_BOOL_CONVERSION = YES;
				CLANG_WARN_CONSTANT_CONVERSION = YES;
				CLANG_WARN_DIRECT_OBJC_ISA_USAGE = YES_ERROR;
				CLANG_WARN_DOCUMENTATION_COMMENTS = YES;
				CLANG_WARN_EMPTY_BODY = YES;
				CLANG_WARN_ENUM_CONVERSION = YES;
				CLANG_WARN_INFINITE_RECURSION = YES;
				CLANG_WARN_INT_CONVERSION = YES;
				CLANG_WARN_OBJC_ROOT_CLASS = YES_ERROR;
				CLANG_WARN_SUSPICIOUS_MOVE = YES;
				CLANG_WARN_UNREACHABLE_CODE = YES;
				CLANG_WARN__DUPLICATE_METHOD_MATCH = YES;
				"CODE_SIGN_IDENTITY[sdk=iphoneos*]" = "iPhone Developer";
				COPY_PHASE_STRIP = NO;
				DEBUG_INFORMATION_FORMAT = dwarf;
				ENABLE_STRICT_OBJC_MSGSEND = YES;
				ENABLE_TESTABILITY = YES;
				GCC_C_LANGUAGE_STANDARD = gnu99;
				GCC_DYNAMIC_NO_PIC = NO;
				GCC_NO_COMMON_BLOCKS = YES;
				GCC_OPTIMIZATION_LEVEL = 0;
				GCC_PREPROCESSOR_DEFINITIONS = (
					"DEBUG=1",
					"$(inherited)",
				);
				GCC_WARN_64_TO_32_BIT_CONVERSION = YES;
				GCC_WARN_ABOUT_RETURN_TYPE = YES_ERROR;
				GCC_WARN_UNDECLARED_SELECTOR = YES;
				GCC_WARN_UNINITIALIZED_AUTOS = YES_AGGRESSIVE;
				GCC_WARN_UNUSED_FUNCTION = YES;
				GCC_WARN_UNUSED_VARIABLE = YES;
				IPHONEOS_DEPLOYMENT_TARGET = 10.2;
				MTL_ENABLE_DEBUG_INFO = YES;
				ONLY_ACTIVE_ARCH = YES;
				SDKROOT = iphoneos;
				SWIFT_ACTIVE_COMPILATION_CONDITIONS = DEBUG;
				SWIFT_OPTIMIZATION_LEVEL = "-Onone";
				TARGETED_DEVICE_FAMILY = "1,2";
			};
			name = Debug;
		};
		0C4A30FD1E5474C700AF63BD /* Release */ = {
			isa = XCBuildConfiguration;
			buildSettings = {
				ALWAYS_SEARCH_USER_PATHS = NO;
				CLANG_ANALYZER_NONNULL = YES;
				CLANG_CXX_LANGUAGE_STANDARD = "gnu++0x";
				CLANG_CXX_LIBRARY = "libc++";
				CLANG_ENABLE_MODULES = YES;
				CLANG_ENABLE_OBJC_ARC = YES;
				CLANG_WARN_BOOL_CONVERSION = YES;
				CLANG_WARN_CONSTANT_CONVERSION = YES;
				CLANG_WARN_DIRECT_OBJC_ISA_USAGE = YES_ERROR;
				CLANG_WARN_DOCUMENTATION_COMMENTS = YES;
				CLANG_WARN_EMPTY_BODY = YES;
				CLANG_WARN_ENUM_CONVERSION = YES;
				CLANG_WARN_INFINITE_RECURSION = YES;
				CLANG_WARN_INT_CONVERSION = YES;
				CLANG_WARN_OBJC_ROOT_CLASS = YES_ERROR;
				CLANG_WARN_SUSPICIOUS_MOVE = YES;
				CLANG_WARN_UNREACHABLE_CODE = YES;
				CLANG_WARN__DUPLICATE_METHOD_MATCH = YES;
				"CODE_SIGN_IDENTITY[sdk=iphoneos*]" = "iPhone Developer";
				COPY_PHASE_STRIP = NO;
				DEBUG_INFORMATION_FORMAT = "dwarf-with-dsym";
				ENABLE_NS_ASSERTIONS = NO;
				ENABLE_STRICT_OBJC_MSGSEND = YES;
				GCC_C_LANGUAGE_STANDARD = gnu99;
				GCC_NO_COMMON_BLOCKS = YES;
				GCC_WARN_64_TO_32_BIT_CONVERSION = YES;
				GCC_WARN_ABOUT_RETURN_TYPE = YES_ERROR;
				GCC_WARN_UNDECLARED_SELECTOR = YES;
				GCC_WARN_UNINITIALIZED_AUTOS = YES_AGGRESSIVE;
				GCC_WARN_UNUSED_FUNCTION = YES;
				GCC_WARN_UNUSED_VARIABLE = YES;
				IPHONEOS_DEPLOYMENT_TARGET = 10.2;
				MTL_ENABLE_DEBUG_INFO = NO;
				SDKROOT = iphoneos;
				SWIFT_OPTIMIZATION_LEVEL = "-Owholemodule";
				TARGETED_DEVICE_FAMILY = "1,2";
				VALIDATE_PRODUCT = YES;
			};
			name = Release;
		};
		0C4A30FF1E5474C700AF63BD /* Debug */ = {
			isa = XCBuildConfiguration;
			buildSettings = {
				ASSETCATALOG_COMPILER_APPICON_NAME = AppIcon;
				INFOPLIST_FILE = constraints/Info.plist;
				LD_RUNPATH_SEARCH_PATHS = "$(inherited) @executable_path/Frameworks";
				PRODUCT_BUNDLE_IDENTIFIER = com.appinventiv.constraints;
				PRODUCT_NAME = "$(TARGET_NAME)";
				SWIFT_VERSION = 3.0;
			};
			name = Debug;
		};
		0C4A31001E5474C700AF63BD /* Release */ = {
			isa = XCBuildConfiguration;
			buildSettings = {
				ASSETCATALOG_COMPILER_APPICON_NAME = AppIcon;
				INFOPLIST_FILE = constraints/Info.plist;
				LD_RUNPATH_SEARCH_PATHS = "$(inherited) @executable_path/Frameworks";
				PRODUCT_BUNDLE_IDENTIFIER = com.appinventiv.constraints;
				PRODUCT_NAME = "$(TARGET_NAME)";
				SWIFT_VERSION = 3.0;
			};
			name = Release;
		};
/* End XCBuildConfiguration section */

/* Begin XCConfigurationList section */
		0C4A30E71E5474C600AF63BD /* Build configuration list for PBXProject "constraints" */ = {
			isa = XCConfigurationList;
			buildConfigurations = (
				0C4A30FC1E5474C700AF63BD /* Debug */,
				0C4A30FD1E5474C700AF63BD /* Release */,
			);
			defaultConfigurationIsVisible = 0;
			defaultConfigurationName = Release;
		};
		0C4A30FE1E5474C700AF63BD /* Build configuration list for PBXNativeTarget "constraints" */ = {
			isa = XCConfigurationList;
			buildConfigurations = (
				0C4A30FF1E5474C700AF63BD /* Debug */,
				0C4A31001E5474C700AF63BD /* Release */,
			);
			defaultConfigurationIsVisible = 0;
		};
/* End XCConfigurationList section */
	};
	rootObject = 0C4A30E41E5474C600AF63BD /* Project object */;
}
